
Microsoft Visual Studio Solution File, Format Version 12.00
# Visual Studio 14
VisualStudioVersion = 14.0.23107.0
MinimumVisualStudioVersion = 10.0.40219.1
Project("{8BC9CEB8-8B4A-11D0-8D11-00A0C91BC942}") = "NetSnmpDll", "NetSnmpDll\NetSnmpDll.vcxproj", "{B2DDB943-75F1-44B5-BF3B-BEE8411FCC33}"
EndProject
Project("{2150E333-8FDC-42A3-9474-1A3956D46DE8}") = "Solution Items", "Solution Items", "{3AF21FD5-3054-464A-B8B2-7B0836FDBBBC}"
EndProject
Project("{8BC9CEB8-8B4A-11D0-8D11-00A0C91BC942}") = "encode_keychange", "net-snmp-lib\win32\encode_keychange\encode_keychange.vcxproj", "{67F9FCD4-6F02-41CE-B5B0-9030AFA2F398}"
EndProject
Project("{8BC9CEB8-8B4A-11D0-8D11-00A0C91BC942}") = "libagent", "net-snmp-lib\win32\libagent\libagent.vcxproj", "{ED8EEEAE-BEED-481B-9D61-C39F32888F10}"
EndProject
Project("{8BC9CEB8-8B4A-11D0-8D11-00A0C91BC942}") = "libnetsnmptrapd", "net-snmp-lib\win32\libnetsnmptrapd\libnetsnmptrapd.vcxproj", "{E39833A0-7281-4287-8BF2-5B8C814240AC}"
EndProject
Project("{8BC9CEB8-8B4A-11D0-8D11-00A0C91BC942}") = "libsnmp_dll", "net-snmp-lib\win32\libsnmp_dll\libsnmp_dll.vcxproj", "{EF466FCB-B2B9-42A0-B033-5D132832CCE4}"
EndProject
Project("{8BC9CEB8-8B4A-11D0-8D11-00A0C91BC942}") = "netsnmpmibs", "net-snmp-lib\win32\netsnmpmibs\netsnmpmibs.vcxproj", "{F55F05DE-410F-442C-A205-CEE89404750E}"
EndProject
Project("{8BC9CEB8-8B4A-11D0-8D11-00A0C91BC942}") = "snmpbulkget", "net-snmp-lib\win32\snmpbulkget\snmpbulkget.vcxproj", "{129AAC5D-72E5-44D1-A415-2CD95EE8B478}"
EndProject
Project("{8BC9CEB8-8B4A-11D0-8D11-00A0C91BC942}") = "snmpbulkwalk", "net-snmp-lib\win32\snmpbulkwalk\snmpbulkwalk.vcxproj", "{EBC61448-9B79-4D7B-A332-5745FDCF3C60}"
EndProject
Project("{8BC9CEB8-8B4A-11D0-8D11-00A0C91BC942}") = "snmpd", "net-snmp-lib\win32\snmpd\snmpd.vcxproj", "{465EA016-603D-4F11-9FEA-0A4D791C4E86}"
EndProject
Project("{8BC9CEB8-8B4A-11D0-8D11-00A0C91BC942}") = "snmpdelta", "net-snmp-lib\win32\snmpdelta\snmpdelta.vcxproj", "{1CEE424F-73B9-4DF4-BFA1-EF523B31AFCF}"
EndProject
Project("{8BC9CEB8-8B4A-11D0-8D11-00A0C91BC942}") = "snmpdf", "net-snmp-lib\win32\snmpdf\snmpdf.vcxproj", "{F955C930-4D37-4138-A1B0-A6C2662EC4EB}"
EndProject
Project("{8BC9CEB8-8B4A-11D0-8D11-00A0C91BC942}") = "snmpget", "net-snmp-lib\win32\snmpget\snmpget.vcxproj", "{F443C371-6FCD-4160-B8AD-093ED1D290DE}"
EndProject
Project("{8BC9CEB8-8B4A-11D0-8D11-00A0C91BC942}") = "snmpgetnext", "net-snmp-lib\win32\snmpgetnext\snmpgetnext.vcxproj", "{5871DFD1-1968-4682-9AB0-B8FCDF8923BB}"
EndProject
Project("{8BC9CEB8-8B4A-11D0-8D11-00A0C91BC942}") = "snmpnetstat", "net-snmp-lib\win32\snmpnetstat\snmpnetstat.vcxproj", "{189595F0-FC56-49BE-8030-BADAE01E9BC1}"
EndProject
Project("{8BC9CEB8-8B4A-11D0-8D11-00A0C91BC942}") = "snmpset", "net-snmp-lib\win32\snmpset\snmpset.vcxproj", "{06073542-1508-4A25-964B-C4766F79383E}"
EndProject
Project("{8BC9CEB8-8B4A-11D0-8D11-00A0C91BC942}") = "snmpstatus", "net-snmp-lib\win32\snmpstatus\snmpstatus.vcxproj", "{42F69689-6011-4BF6-96C3-656E2954012B}"
EndProject
Project("{8BC9CEB8-8B4A-11D0-8D11-00A0C91BC942}") = "snmptable", "net-snmp-lib\win32\snmptable\snmptable.vcxproj", "{C76AF9CA-3801-484B-83F9-355673C37000}"
EndProject
Project("{8BC9CEB8-8B4A-11D0-8D11-00A0C91BC942}") = "snmptest", "net-snmp-lib\win32\snmptest\snmptest.vcxproj", "{AEF0621A-F5AC-445C-98C4-50420EF926D5}"
EndProject
Project("{8BC9CEB8-8B4A-11D0-8D11-00A0C91BC942}") = "snmptranslate", "net-snmp-lib\win32\snmptranslate\snmptranslate.vcxproj", "{CB3AC47E-5580-4786-B388-60B139FFE3C2}"
EndProject
Project("{8BC9CEB8-8B4A-11D0-8D11-00A0C91BC942}") = "snmptrap", "net-snmp-lib\win32\snmptrap\snmptrap.vcxproj", "{4B80165D-CAA2-4FCE-A0C2-828B59338D34}"
EndProject
Project("{8BC9CEB8-8B4A-11D0-8D11-00A0C91BC942}") = "snmptrapd", "net-snmp-lib\win32\snmptrapd\snmptrapd.vcxproj", "{6EFB9A14-5BDE-40AC-8B56-67C3C95159EB}"
EndProject
Project("{8BC9CEB8-8B4A-11D0-8D11-00A0C91BC942}") = "snmpusm", "net-snmp-lib\win32\snmpusm\snmpusm.vcxproj", "{A1A15C9D-ED48-4B27-86E5-5E3E54E74C42}"
EndProject
Project("{8BC9CEB8-8B4A-11D0-8D11-00A0C91BC942}") = "snmpvacm", "net-snmp-lib\win32\snmpvacm\snmpvacm.vcxproj", "{F99D657B-EE4C-4A12-8D71-DBC61FE93AC8}"
EndProject
Project("{8BC9CEB8-8B4A-11D0-8D11-00A0C91BC942}") = "snmpwalk", "net-snmp-lib\win32\snmpwalk\snmpwalk.vcxproj", "{5949096A-5461-45D6-B92F-0EB97131560B}"
EndProject
Global
	GlobalSection(SolutionConfigurationPlatforms) = preSolution
		Debug|Win32 = Debug|Win32
		Debug|x86 = Debug|x86
		Release|Win32 = Release|Win32
		Release|x86 = Release|x86
		Template|Win32 = Template|Win32
		Template|x86 = Template|x86
	EndGlobalSection
	GlobalSection(ProjectConfigurationPlatforms) = postSolution
		{B2DDB943-75F1-44B5-BF3B-BEE8411FCC33}.Debug|Win32.ActiveCfg = Debug|Win32
		{B2DDB943-75F1-44B5-BF3B-BEE8411FCC33}.Debug|Win32.Build.0 = Debug|Win32
		{B2DDB943-75F1-44B5-BF3B-BEE8411FCC33}.Debug|x86.ActiveCfg = Debug|Win32
		{B2DDB943-75F1-44B5-BF3B-BEE8411FCC33}.Debug|x86.Build.0 = Debug|Win32
		{B2DDB943-75F1-44B5-BF3B-BEE8411FCC33}.Release|Win32.ActiveCfg = Release|Win32
		{B2DDB943-75F1-44B5-BF3B-BEE8411FCC33}.Release|Win32.Build.0 = Release|Win32
		{B2DDB943-75F1-44B5-BF3B-BEE8411FCC33}.Release|x86.ActiveCfg = Release|Win32
		{B2DDB943-75F1-44B5-BF3B-BEE8411FCC33}.Release|x86.Build.0 = Release|Win32
		{B2DDB943-75F1-44B5-BF3B-BEE8411FCC33}.Template|Win32.ActiveCfg = Release|Win32
		{B2DDB943-75F1-44B5-BF3B-BEE8411FCC33}.Template|Win32.Build.0 = Release|Win32
		{B2DDB943-75F1-44B5-BF3B-BEE8411FCC33}.Template|x86.ActiveCfg = Release|Win32
		{B2DDB943-75F1-44B5-BF3B-BEE8411FCC33}.Template|x86.Build.0 = Release|Win32
		{67F9FCD4-6F02-41CE-B5B0-9030AFA2F398}.Debug|Win32.ActiveCfg = Debug|Win32
		{67F9FCD4-6F02-41CE-B5B0-9030AFA2F398}.Debug|Win32.Build.0 = Debug|Win32
		{67F9FCD4-6F02-41CE-B5B0-9030AFA2F398}.Debug|x86.ActiveCfg = Debug|Win32
		{67F9FCD4-6F02-41CE-B5B0-9030AFA2F398}.Debug|x86.Build.0 = Debug|Win32
		{67F9FCD4-6F02-41CE-B5B0-9030AFA2F398}.Release|Win32.ActiveCfg = Release|Win32
		{67F9FCD4-6F02-41CE-B5B0-9030AFA2F398}.Release|Win32.Build.0 = Release|Win32
		{67F9FCD4-6F02-41CE-B5B0-9030AFA2F398}.Release|x86.ActiveCfg = Release|Win32
		{67F9FCD4-6F02-41CE-B5B0-9030AFA2F398}.Release|x86.Build.0 = Release|Win32
		{67F9FCD4-6F02-41CE-B5B0-9030AFA2F398}.Template|Win32.ActiveCfg = Release|Win32
		{67F9FCD4-6F02-41CE-B5B0-9030AFA2F398}.Template|Win32.Build.0 = Release|Win32
		{67F9FCD4-6F02-41CE-B5B0-9030AFA2F398}.Template|x86.ActiveCfg = Release|Win32
		{67F9FCD4-6F02-41CE-B5B0-9030AFA2F398}.Template|x86.Build.0 = Release|Win32
		{ED8EEEAE-BEED-481B-9D61-C39F32888F10}.Debug|Win32.ActiveCfg = Debug|Win32
		{ED8EEEAE-BEED-481B-9D61-C39F32888F10}.Debug|Win32.Build.0 = Debug|Win32
		{ED8EEEAE-BEED-481B-9D61-C39F32888F10}.Debug|x86.ActiveCfg = Debug|Win32
		{ED8EEEAE-BEED-481B-9D61-C39F32888F10}.Debug|x86.Build.0 = Debug|Win32
		{ED8EEEAE-BEED-481B-9D61-C39F32888F10}.Release|Win32.ActiveCfg = Release|Win32
		{ED8EEEAE-BEED-481B-9D61-C39F32888F10}.Release|Win32.Build.0 = Release|Win32
		{ED8EEEAE-BEED-481B-9D61-C39F32888F10}.Release|x86.ActiveCfg = Release|Win32
		{ED8EEEAE-BEED-481B-9D61-C39F32888F10}.Release|x86.Build.0 = Release|Win32
		{ED8EEEAE-BEED-481B-9D61-C39F32888F10}.Template|Win32.ActiveCfg = Template|Win32
		{ED8EEEAE-BEED-481B-9D61-C39F32888F10}.Template|Win32.Build.0 = Template|Win32
		{ED8EEEAE-BEED-481B-9D61-C39F32888F10}.Template|x86.ActiveCfg = Template|Win32
		{ED8EEEAE-BEED-481B-9D61-C39F32888F10}.Template|x86.Build.0 = Template|Win32
		{E39833A0-7281-4287-8BF2-5B8C814240AC}.Debug|Win32.ActiveCfg = Debug|Win32
		{E39833A0-7281-4287-8BF2-5B8C814240AC}.Debug|Win32.Build.0 = Debug|Win32
		{E39833A0-7281-4287-8BF2-5B8C814240AC}.Debug|x86.ActiveCfg = Debug|Win32
		{E39833A0-7281-4287-8BF2-5B8C814240AC}.Debug|x86.Build.0 = Debug|Win32
		{E39833A0-7281-4287-8BF2-5B8C814240AC}.Release|Win32.ActiveCfg = Release|Win32
		{E39833A0-7281-4287-8BF2-5B8C814240AC}.Release|Win32.Build.0 = Release|Win32
		{E39833A0-7281-4287-8BF2-5B8C814240AC}.Release|x86.ActiveCfg = Release|Win32
		{E39833A0-7281-4287-8BF2-5B8C814240AC}.Release|x86.Build.0 = Release|Win32
		{E39833A0-7281-4287-8BF2-5B8C814240AC}.Template|Win32.ActiveCfg = Template|Win32
		{E39833A0-7281-4287-8BF2-5B8C814240AC}.Template|Win32.Build.0 = Template|Win32
		{E39833A0-7281-4287-8BF2-5B8C814240AC}.Template|x86.ActiveCfg = Template|Win32
		{E39833A0-7281-4287-8BF2-5B8C814240AC}.Template|x86.Build.0 = Template|Win32
		{EF466FCB-B2B9-42A0-B033-5D132832CCE4}.Debug|Win32.ActiveCfg = Debug|Win32
		{EF466FCB-B2B9-42A0-B033-5D132832CCE4}.Debug|Win32.Build.0 = Debug|Win32
		{EF466FCB-B2B9-42A0-B033-5D132832CCE4}.Debug|x86.ActiveCfg = Debug|Win32
		{EF466FCB-B2B9-42A0-B033-5D132832CCE4}.Debug|x86.Build.0 = Debug|Win32
		{EF466FCB-B2B9-42A0-B033-5D132832CCE4}.Release|Win32.ActiveCfg = Release|Win32
		{EF466FCB-B2B9-42A0-B033-5D132832CCE4}.Release|Win32.Build.0 = Release|Win32
		{EF466FCB-B2B9-42A0-B033-5D132832CCE4}.Release|x86.ActiveCfg = Release|Win32
		{EF466FCB-B2B9-42A0-B033-5D132832CCE4}.Release|x86.Build.0 = Release|Win32
		{EF466FCB-B2B9-42A0-B033-5D132832CCE4}.Template|Win32.ActiveCfg = Template|Win32
		{EF466FCB-B2B9-42A0-B033-5D132832CCE4}.Template|Win32.Build.0 = Template|Win32
		{EF466FCB-B2B9-42A0-B033-5D132832CCE4}.Template|x86.ActiveCfg = Template|Win32
		{EF466FCB-B2B9-42A0-B033-5D132832CCE4}.Template|x86.Build.0 = Template|Win32
		{F55F05DE-410F-442C-A205-CEE89404750E}.Debug|Win32.ActiveCfg = Debug|Win32
		{F55F05DE-410F-442C-A205-CEE89404750E}.Debug|Win32.Build.0 = Debug|Win32
		{F55F05DE-410F-442C-A205-CEE89404750E}.Debug|x86.ActiveCfg = Debug|Win32
		{F55F05DE-410F-442C-A205-CEE89404750E}.Debug|x86.Build.0 = Debug|Win32
		{F55F05DE-410F-442C-A205-CEE89404750E}.Release|Win32.ActiveCfg = Release|Win32
		{F55F05DE-410F-442C-A205-CEE89404750E}.Release|Win32.Build.0 = Release|Win32
		{F55F05DE-410F-442C-A205-CEE89404750E}.Release|x86.ActiveCfg = Release|Win32
		{F55F05DE-410F-442C-A205-CEE89404750E}.Release|x86.Build.0 = Release|Win32
		{F55F05DE-410F-442C-A205-CEE89404750E}.Template|Win32.ActiveCfg = Template|Win32
		{F55F05DE-410F-442C-A205-CEE89404750E}.Template|Win32.Build.0 = Template|Win32
		{F55F05DE-410F-442C-A205-CEE89404750E}.Template|x86.ActiveCfg = Template|Win32
		{F55F05DE-410F-442C-A205-CEE89404750E}.Template|x86.Build.0 = Template|Win32
		{129AAC5D-72E5-44D1-A415-2CD95EE8B478}.Debug|Win32.ActiveCfg = Debug|Win32
		{129AAC5D-72E5-44D1-A415-2CD95EE8B478}.Debug|Win32.Build.0 = Debug|Win32
		{129AAC5D-72E5-44D1-A415-2CD95EE8B478}.Debug|x86.ActiveCfg = Debug|Win32
		{129AAC5D-72E5-44D1-A415-2CD95EE8B478}.Release|Win32.ActiveCfg = Release|Win32
		{129AAC5D-72E5-44D1-A415-2CD95EE8B478}.Release|Win32.Build.0 = Release|Win32
		{129AAC5D-72E5-44D1-A415-2CD95EE8B478}.Release|x86.ActiveCfg = Release|Win32
		{129AAC5D-72E5-44D1-A415-2CD95EE8B478}.Release|x86.Build.0 = Release|Win32
		{129AAC5D-72E5-44D1-A415-2CD95EE8B478}.Template|Win32.ActiveCfg = Template|Win32
		{129AAC5D-72E5-44D1-A415-2CD95EE8B478}.Template|Win32.Build.0 = Template|Win32
		{129AAC5D-72E5-44D1-A415-2CD95EE8B478}.Template|x86.ActiveCfg = Template|Win32
		{129AAC5D-72E5-44D1-A415-2CD95EE8B478}.Template|x86.Build.0 = Template|Win32
		{EBC61448-9B79-4D7B-A332-5745FDCF3C60}.Debug|Win32.ActiveCfg = Debug|Win32
		{EBC61448-9B79-4D7B-A332-5745FDCF3C60}.Debug|Win32.Build.0 = Debug|Win32
		{EBC61448-9B79-4D7B-A332-5745FDCF3C60}.Debug|x86.ActiveCfg = Debug|Win32
		{EBC61448-9B79-4D7B-A332-5745FDCF3C60}.Release|Win32.ActiveCfg = Release|Win32
		{EBC61448-9B79-4D7B-A332-5745FDCF3C60}.Release|Win32.Build.0 = Release|Win32
		{EBC61448-9B79-4D7B-A332-5745FDCF3C60}.Release|x86.ActiveCfg = Release|Win32
		{EBC61448-9B79-4D7B-A332-5745FDCF3C60}.Release|x86.Build.0 = Release|Win32
		{EBC61448-9B79-4D7B-A332-5745FDCF3C60}.Template|Win32.ActiveCfg = Template|Win32
		{EBC61448-9B79-4D7B-A332-5745FDCF3C60}.Template|Win32.Build.0 = Template|Win32
		{EBC61448-9B79-4D7B-A332-5745FDCF3C60}.Template|x86.ActiveCfg = Template|Win32
		{EBC61448-9B79-4D7B-A332-5745FDCF3C60}.Template|x86.Build.0 = Template|Win32
		{465EA016-603D-4F11-9FEA-0A4D791C4E86}.Debug|Win32.ActiveCfg = Debug|Win32
		{465EA016-603D-4F11-9FEA-0A4D791C4E86}.Debug|Win32.Build.0 = Debug|Win32
		{465EA016-603D-4F11-9FEA-0A4D791C4E86}.Debug|x86.ActiveCfg = Debug|Win32
		{465EA016-603D-4F11-9FEA-0A4D791C4E86}.Release|Win32.ActiveCfg = Release|Win32
		{465EA016-603D-4F11-9FEA-0A4D791C4E86}.Release|Win32.Build.0 = Release|Win32
		{465EA016-603D-4F11-9FEA-0A4D791C4E86}.Release|x86.ActiveCfg = Release|Win32
		{465EA016-603D-4F11-9FEA-0A4D791C4E86}.Release|x86.Build.0 = Release|Win32
		{465EA016-603D-4F11-9FEA-0A4D791C4E86}.Template|Win32.ActiveCfg = Template|Win32
		{465EA016-603D-4F11-9FEA-0A4D791C4E86}.Template|Win32.Build.0 = Template|Win32
		{465EA016-603D-4F11-9FEA-0A4D791C4E86}.Template|x86.ActiveCfg = Template|Win32
		{465EA016-603D-4F11-9FEA-0A4D791C4E86}.Template|x86.Build.0 = Template|Win32
		{1CEE424F-73B9-4DF4-BFA1-EF523B31AFCF}.Debug|Win32.ActiveCfg = Debug|Win32
		{1CEE424F-73B9-4DF4-BFA1-EF523B31AFCF}.Debug|Win32.Build.0 = Debug|Win32
		{1CEE424F-73B9-4DF4-BFA1-EF523B31AFCF}.Debug|x86.ActiveCfg = Debug|Win32
		{1CEE424F-73B9-4DF4-BFA1-EF523B31AFCF}.Release|Win32.ActiveCfg = Release|Win32
		{1CEE424F-73B9-4DF4-BFA1-EF523B31AFCF}.Release|Win32.Build.0 = Release|Win32
		{1CEE424F-73B9-4DF4-BFA1-EF523B31AFCF}.Release|x86.ActiveCfg = Release|Win32
		{1CEE424F-73B9-4DF4-BFA1-EF523B31AFCF}.Release|x86.Build.0 = Release|Win32
		{1CEE424F-73B9-4DF4-BFA1-EF523B31AFCF}.Template|Win32.ActiveCfg = Template|Win32
		{1CEE424F-73B9-4DF4-BFA1-EF523B31AFCF}.Template|Win32.Build.0 = Template|Win32
		{1CEE424F-73B9-4DF4-BFA1-EF523B31AFCF}.Template|x86.ActiveCfg = Template|Win32
		{1CEE424F-73B9-4DF4-BFA1-EF523B31AFCF}.Template|x86.Build.0 = Template|Win32
		{F955C930-4D37-4138-A1B0-A6C2662EC4EB}.Debug|Win32.ActiveCfg = Debug|Win32
		{F955C930-4D37-4138-A1B0-A6C2662EC4EB}.Debug|Win32.Build.0 = Debug|Win32
		{F955C930-4D37-4138-A1B0-A6C2662EC4EB}.Debug|x86.ActiveCfg = Debug|Win32
		{F955C930-4D37-4138-A1B0-A6C2662EC4EB}.Release|Win32.ActiveCfg = Release|Win32
		{F955C930-4D37-4138-A1B0-A6C2662EC4EB}.Release|Win32.Build.0 = Release|Win32
		{F955C930-4D37-4138-A1B0-A6C2662EC4EB}.Release|x86.ActiveCfg = Release|Win32
		{F955C930-4D37-4138-A1B0-A6C2662EC4EB}.Release|x86.Build.0 = Release|Win32
		{F955C930-4D37-4138-A1B0-A6C2662EC4EB}.Template|Win32.ActiveCfg = Template|Win32
		{F955C930-4D37-4138-A1B0-A6C2662EC4EB}.Template|Win32.Build.0 = Template|Win32
		{F955C930-4D37-4138-A1B0-A6C2662EC4EB}.Template|x86.ActiveCfg = Template|Win32
		{F955C930-4D37-4138-A1B0-A6C2662EC4EB}.Template|x86.Build.0 = Template|Win32
		{F443C371-6FCD-4160-B8AD-093ED1D290DE}.Debug|Win32.ActiveCfg = Debug|Win32
		{F443C371-6FCD-4160-B8AD-093ED1D290DE}.Debug|Win32.Build.0 = Debug|Win32
		{F443C371-6FCD-4160-B8AD-093ED1D290DE}.Debug|x86.ActiveCfg = Debug|Win32
		{F443C371-6FCD-4160-B8AD-093ED1D290DE}.Release|Win32.ActiveCfg = Release|Win32
		{F443C371-6FCD-4160-B8AD-093ED1D290DE}.Release|Win32.Build.0 = Release|Win32
		{F443C371-6FCD-4160-B8AD-093ED1D290DE}.Release|x86.ActiveCfg = Release|Win32
		{F443C371-6FCD-4160-B8AD-093ED1D290DE}.Release|x86.Build.0 = Release|Win32
		{F443C371-6FCD-4160-B8AD-093ED1D290DE}.Template|Win32.ActiveCfg = Template|Win32
		{F443C371-6FCD-4160-B8AD-093ED1D290DE}.Template|Win32.Build.0 = Template|Win32
		{F443C371-6FCD-4160-B8AD-093ED1D290DE}.Template|x86.ActiveCfg = Template|Win32
		{F443C371-6FCD-4160-B8AD-093ED1D290DE}.Template|x86.Build.0 = Template|Win32
		{5871DFD1-1968-4682-9AB0-B8FCDF8923BB}.Debug|Win32.ActiveCfg = Debug|Win32
		{5871DFD1-1968-4682-9AB0-B8FCDF8923BB}.Debug|Win32.Build.0 = Debug|Win32
		{5871DFD1-1968-4682-9AB0-B8FCDF8923BB}.Debug|x86.ActiveCfg = Debug|Win32
		{5871DFD1-1968-4682-9AB0-B8FCDF8923BB}.Release|Win32.ActiveCfg = Release|Win32
		{5871DFD1-1968-4682-9AB0-B8FCDF8923BB}.Release|Win32.Build.0 = Release|Win32
		{5871DFD1-1968-4682-9AB0-B8FCDF8923BB}.Release|x86.ActiveCfg = Release|Win32
		{5871DFD1-1968-4682-9AB0-B8FCDF8923BB}.Release|x86.Build.0 = Release|Win32
		{5871DFD1-1968-4682-9AB0-B8FCDF8923BB}.Template|Win32.ActiveCfg = Template|Win32
		{5871DFD1-1968-4682-9AB0-B8FCDF8923BB}.Template|Win32.Build.0 = Template|Win32
		{5871DFD1-1968-4682-9AB0-B8FCDF8923BB}.Template|x86.ActiveCfg = Template|Win32
		{5871DFD1-1968-4682-9AB0-B8FCDF8923BB}.Template|x86.Build.0 = Template|Win32
		{189595F0-FC56-49BE-8030-BADAE01E9BC1}.Debug|Win32.ActiveCfg = Debug|Win32
		{189595F0-FC56-49BE-8030-BADAE01E9BC1}.Debug|Win32.Build.0 = Debug|Win32
		{189595F0-FC56-49BE-8030-BADAE01E9BC1}.Debug|x86.ActiveCfg = Debug|Win32
		{189595F0-FC56-49BE-8030-BADAE01E9BC1}.Release|Win32.ActiveCfg = Release|Win32
		{189595F0-FC56-49BE-8030-BADAE01E9BC1}.Release|Win32.Build.0 = Release|Win32
		{189595F0-FC56-49BE-8030-BADAE01E9BC1}.Release|x86.ActiveCfg = Release|Win32
		{189595F0-FC56-49BE-8030-BADAE01E9BC1}.Release|x86.Build.0 = Release|Win32
		{189595F0-FC56-49BE-8030-BADAE01E9BC1}.Template|Win32.ActiveCfg = Template|Win32
		{189595F0-FC56-49BE-8030-BADAE01E9BC1}.Template|Win32.Build.0 = Template|Win32
		{189595F0-FC56-49BE-8030-BADAE01E9BC1}.Template|x86.ActiveCfg = Template|Win32
		{189595F0-FC56-49BE-8030-BADAE01E9BC1}.Template|x86.Build.0 = Template|Win32
		{06073542-1508-4A25-964B-C4766F79383E}.Debug|Win32.ActiveCfg = Debug|Win32
		{06073542-1508-4A25-964B-C4766F79383E}.Debug|Win32.Build.0 = Debug|Win32
		{06073542-1508-4A25-964B-C4766F79383E}.Debug|x86.ActiveCfg = Debug|Win32
		{06073542-1508-4A25-964B-C4766F79383E}.Release|Win32.ActiveCfg = Release|Win32
		{06073542-1508-4A25-964B-C4766F79383E}.Release|Win32.Build.0 = Release|Win32
		{06073542-1508-4A25-964B-C4766F79383E}.Release|x86.ActiveCfg = Release|Win32
		{06073542-1508-4A25-964B-C4766F79383E}.Release|x86.Build.0 = Release|Win32
		{06073542-1508-4A25-964B-C4766F79383E}.Template|Win32.ActiveCfg = Template|Win32
		{06073542-1508-4A25-964B-C4766F79383E}.Template|Win32.Build.0 = Template|Win32
		{06073542-1508-4A25-964B-C4766F79383E}.Template|x86.ActiveCfg = Template|Win32
		{06073542-1508-4A25-964B-C4766F79383E}.Template|x86.Build.0 = Template|Win32
		{42F69689-6011-4BF6-96C3-656E2954012B}.Debug|Win32.ActiveCfg = Debug|Win32
		{42F69689-6011-4BF6-96C3-656E2954012B}.Debug|Win32.Build.0 = Debug|Win32
		{42F69689-6011-4BF6-96C3-656E2954012B}.Debug|x86.ActiveCfg = Debug|Win32
		{42F69689-6011-4BF6-96C3-656E2954012B}.Release|Win32.ActiveCfg = Release|Win32
		{42F69689-6011-4BF6-96C3-656E2954012B}.Release|Win32.Build.0 = Release|Win32
		{42F69689-6011-4BF6-96C3-656E2954012B}.Release|x86.ActiveCfg = Release|Win32
		{42F69689-6011-4BF6-96C3-656E2954012B}.Release|x86.Build.0 = Release|Win32
		{42F69689-6011-4BF6-96C3-656E2954012B}.Template|Win32.ActiveCfg = Template|Win32
		{42F69689-6011-4BF6-96C3-656E2954012B}.Template|Win32.Build.0 = Template|Win32
		{42F69689-6011-4BF6-96C3-656E2954012B}.Template|x86.ActiveCfg = Template|Win32
		{42F69689-6011-4BF6-96C3-656E2954012B}.Template|x86.Build.0 = Template|Win32
		{C76AF9CA-3801-484B-83F9-355673C37000}.Debug|Win32.ActiveCfg = Debug|Win32
		{C76AF9CA-3801-484B-83F9-355673C37000}.Debug|Win32.Build.0 = Debug|Win32
		{C76AF9CA-3801-484B-83F9-355673C37000}.Debug|x86.ActiveCfg = Debug|Win32
		{C76AF9CA-3801-484B-83F9-355673C37000}.Release|Win32.ActiveCfg = Release|Win32
		{C76AF9CA-3801-484B-83F9-355673C37000}.Release|Win32.Build.0 = Release|Win32
		{C76AF9CA-3801-484B-83F9-355673C37000}.Release|x86.ActiveCfg = Release|Win32
		{C76AF9CA-3801-484B-83F9-355673C37000}.Release|x86.Build.0 = Release|Win32
		{C76AF9CA-3801-484B-83F9-355673C37000}.Template|Win32.ActiveCfg = Template|Win32
		{C76AF9CA-3801-484B-83F9-355673C37000}.Template|Win32.Build.0 = Template|Win32
		{C76AF9CA-3801-484B-83F9-355673C37000}.Template|x86.ActiveCfg = Template|Win32
		{C76AF9CA-3801-484B-83F9-355673C37000}.Template|x86.Build.0 = Template|Win32
		{AEF0621A-F5AC-445C-98C4-50420EF926D5}.Debug|Win32.ActiveCfg = Debug|Win32
		{AEF0621A-F5AC-445C-98C4-50420EF926D5}.Debug|Win32.Build.0 = Debug|Win32
		{AEF0621A-F5AC-445C-98C4-50420EF926D5}.Debug|x86.ActiveCfg = Debug|Win32
		{AEF0621A-F5AC-445C-98C4-50420EF926D5}.Release|Win32.ActiveCfg = Release|Win32
		{AEF0621A-F5AC-445C-98C4-50420EF926D5}.Release|Win32.Build.0 = Release|Win32
		{AEF0621A-F5AC-445C-98C4-50420EF926D5}.Release|x86.ActiveCfg = Release|Win32
		{AEF0621A-F5AC-445C-98C4-50420EF926D5}.Release|x86.Build.0 = Release|Win32
		{AEF0621A-F5AC-445C-98C4-50420EF926D5}.Template|Win32.ActiveCfg = Template|Win32
		{AEF0621A-F5AC-445C-98C4-50420EF926D5}.Template|Win32.Build.0 = Template|Win32
		{AEF0621A-F5AC-445C-98C4-50420EF926D5}.Template|x86.ActiveCfg = Template|Win32
		{AEF0621A-F5AC-445C-98C4-50420EF926D5}.Template|x86.Build.0 = Template|Win32
		{CB3AC47E-5580-4786-B388-60B139FFE3C2}.Debug|Win32.ActiveCfg = Debug|Win32
		{CB3AC47E-5580-4786-B388-60B139FFE3C2}.Debug|Win32.Build.0 = Debug|Win32
		{CB3AC47E-5580-4786-B388-60B139FFE3C2}.Debug|x86.ActiveCfg = Debug|Win32
		{CB3AC47E-5580-4786-B388-60B139FFE3C2}.Release|Win32.ActiveCfg = Release|Win32
		{CB3AC47E-5580-4786-B388-60B139FFE3C2}.Release|Win32.Build.0 = Release|Win32
		{CB3AC47E-5580-4786-B388-60B139FFE3C2}.Release|x86.ActiveCfg = Release|Win32
		{CB3AC47E-5580-4786-B388-60B139FFE3C2}.Release|x86.Build.0 = Release|Win32
		{CB3AC47E-5580-4786-B388-60B139FFE3C2}.Template|Win32.ActiveCfg = Template|Win32
		{CB3AC47E-5580-4786-B388-60B139FFE3C2}.Template|Win32.Build.0 = Template|Win32
		{CB3AC47E-5580-4786-B388-60B139FFE3C2}.Template|x86.ActiveCfg = Template|Win32
		{CB3AC47E-5580-4786-B388-60B139FFE3C2}.Template|x86.Build.0 = Template|Win32
		{4B80165D-CAA2-4FCE-A0C2-828B59338D34}.Debug|Win32.ActiveCfg = Debug|Win32
		{4B80165D-CAA2-4FCE-A0C2-828B59338D34}.Debug|Win32.Build.0 = Debug|Win32
		{4B80165D-CAA2-4FCE-A0C2-828B59338D34}.Debug|x86.ActiveCfg = Debug|Win32
		{4B80165D-CAA2-4FCE-A0C2-828B59338D34}.Release|Win32.ActiveCfg = Release|Win32
		{4B80165D-CAA2-4FCE-A0C2-828B59338D34}.Release|Win32.Build.0 = Release|Win32
		{4B80165D-CAA2-4FCE-A0C2-828B59338D34}.Release|x86.ActiveCfg = Release|Win32
		{4B80165D-CAA2-4FCE-A0C2-828B59338D34}.Release|x86.Build.0 = Release|Win32
		{4B80165D-CAA2-4FCE-A0C2-828B59338D34}.Template|Win32.ActiveCfg = Template|Win32
		{4B80165D-CAA2-4FCE-A0C2-828B59338D34}.Template|Win32.Build.0 = Template|Win32
		{4B80165D-CAA2-4FCE-A0C2-828B59338D34}.Template|x86.ActiveCfg = Template|Win32
		{4B80165D-CAA2-4FCE-A0C2-828B59338D34}.Template|x86.Build.0 = Template|Win32
		{6EFB9A14-5BDE-40AC-8B56-67C3C95159EB}.Debug|Win32.ActiveCfg = Debug|Win32
		{6EFB9A14-5BDE-40AC-8B56-67C3C95159EB}.Debug|Win32.Build.0 = Debug|Win32
		{6EFB9A14-5BDE-40AC-8B56-67C3C95159EB}.Debug|x86.ActiveCfg = Debug|Win32
		{6EFB9A14-5BDE-40AC-8B56-67C3C95159EB}.Release|Win32.ActiveCfg = Release|Win32
		{6EFB9A14-5BDE-40AC-8B56-67C3C95159EB}.Release|Win32.Build.0 = Release|Win32
		{6EFB9A14-5BDE-40AC-8B56-67C3C95159EB}.Release|x86.ActiveCfg = Release|Win32
		{6EFB9A14-5BDE-40AC-8B56-67C3C95159EB}.Release|x86.Build.0 = Release|Win32
		{6EFB9A14-5BDE-40AC-8B56-67C3C95159EB}.Template|Win32.ActiveCfg = Template|Win32
		{6EFB9A14-5BDE-40AC-8B56-67C3C95159EB}.Template|Win32.Build.0 = Template|Win32
		{6EFB9A14-5BDE-40AC-8B56-67C3C95159EB}.Template|x86.ActiveCfg = Template|Win32
		{6EFB9A14-5BDE-40AC-8B56-67C3C95159EB}.Template|x86.Build.0 = Template|Win32
		{A1A15C9D-ED48-4B27-86E5-5E3E54E74C42}.Debug|Win32.ActiveCfg = Debug|Win32
		{A1A15C9D-ED48-4B27-86E5-5E3E54E74C42}.Debug|Win32.Build.0 = Debug|Win32
		{A1A15C9D-ED48-4B27-86E5-5E3E54E74C42}.Debug|x86.ActiveCfg = Debug|Win32
		{A1A15C9D-ED48-4B27-86E5-5E3E54E74C42}.Release|Win32.ActiveCfg = Release|Win32
		{A1A15C9D-ED48-4B27-86E5-5E3E54E74C42}.Release|Win32.Build.0 = Release|Win32
		{A1A15C9D-ED48-4B27-86E5-5E3E54E74C42}.Release|x86.ActiveCfg = Release|Win32
		{A1A15C9D-ED48-4B27-86E5-5E3E54E74C42}.Release|x86.Build.0 = Release|Win32
		{A1A15C9D-ED48-4B27-86E5-5E3E54E74C42}.Template|Win32.ActiveCfg = Template|Win32
		{A1A15C9D-ED48-4B27-86E5-5E3E54E74C42}.Template|Win32.Build.0 = Template|Win32
		{A1A15C9D-ED48-4B27-86E5-5E3E54E74C42}.Template|x86.ActiveCfg = Template|Win32
		{A1A15C9D-ED48-4B27-86E5-5E3E54E74C42}.Template|x86.Build.0 = Template|Win32
		{F99D657B-EE4C-4A12-8D71-DBC61FE93AC8}.Debug|Win32.ActiveCfg = Debug|Win32
		{F99D657B-EE4C-4A12-8D71-DBC61FE93AC8}.Debug|Win32.Build.0 = Debug|Win32
		{F99D657B-EE4C-4A12-8D71-DBC61FE93AC8}.Debug|x86.ActiveCfg = Debug|Win32
		{F99D657B-EE4C-4A12-8D71-DBC61FE93AC8}.Release|Win32.ActiveCfg = Release|Win32
		{F99D657B-EE4C-4A12-8D71-DBC61FE93AC8}.Release|Win32.Build.0 = Release|Win32
		{F99D657B-EE4C-4A12-8D71-DBC61FE93AC8}.Release|x86.ActiveCfg = Release|Win32
		{F99D657B-EE4C-4A12-8D71-DBC61FE93AC8}.Release|x86.Build.0 = Release|Win32
		{F99D657B-EE4C-4A12-8D71-DBC61FE93AC8}.Template|Win32.ActiveCfg = Template|Win32
		{F99D657B-EE4C-4A12-8D71-DBC61FE93AC8}.Template|Win32.Build.0 = Template|Win32
		{F99D657B-EE4C-4A12-8D71-DBC61FE93AC8}.Template|x86.ActiveCfg = Template|Win32
		{F99D657B-EE4C-4A12-8D71-DBC61FE93AC8}.Template|x86.Build.0 = Template|Win32
		{5949096A-5461-45D6-B92F-0EB97131560B}.Debug|Win32.ActiveCfg = Debug|Win32
		{5949096A-5461-45D6-B92F-0EB97131560B}.Debug|Win32.Build.0 = Debug|Win32
		{5949096A-5461-45D6-B92F-0EB97131560B}.Debug|x86.ActiveCfg = Debug|Win32
		{5949096A-5461-45D6-B92F-0EB97131560B}.Release|Win32.ActiveCfg = Release|Win32
		{5949096A-5461-45D6-B92F-0EB97131560B}.Release|Win32.Build.0 = Release|Win32
		{5949096A-5461-45D6-B92F-0EB97131560B}.Release|x86.ActiveCfg = Release|Win32
		{5949096A-5461-45D6-B92F-0EB97131560B}.Release|x86.Build.0 = Release|Win32
		{5949096A-5461-45D6-B92F-0EB97131560B}.Template|Win32.ActiveCfg = Template|Win32
		{5949096A-5461-45D6-B92F-0EB97131560B}.Template|Win32.Build.0 = Template|Win32
		{5949096A-5461-45D6-B92F-0EB97131560B}.Template|x86.ActiveCfg = Template|Win32
		{5949096A-5461-45D6-B92F-0EB97131560B}.Template|x86.Build.0 = Template|Win32
	EndGlobalSection
	GlobalSection(SolutionProperties) = preSolution
		HideSolutionNode = FALSE
	EndGlobalSection
EndGlobal
